lockfileVersion: '9.0'

settings:
  autoInstallPeers: true
  excludeLinksFromLockfile: false

importers:

  .:
    dependencies:
      '@actions/core':
        specifier: ^1.6.0
        version: 1.11.1
      '@actions/github':
        specifier: ^6.0.1
        version: 6.0.1
      cos-nodejs-sdk-v5:
        specifier: 2.16.0-beta.3
        version: 2.16.0-beta.3
      fs-extra:
        specifier: ^11.3.0
        version: 11.3.0
      tencentcloud-sdk-nodejs:
        specifier: ^4.1.56
        version: 4.1.56
    devDependencies:
      '@vercel/ncc':
        specifier: ^0.33.3
        version: 0.33.4

packages:

  '@actions/core@1.11.1':
    resolution: {integrity: sha512-hXJCSrkwfA46Vd9Z3q4cpEpHB1rL5NG04+/rbqW9d3+CSvtB1tYe8UTpAlixa1vj0m/ULglfEK2UKxMGxCxv5A==}

  '@actions/exec@1.1.1':
    resolution: {integrity: sha512-+sCcHHbVdk93a0XT19ECtO/gIXoxvdsgQLzb2fE2/5sIZmWQuluYyjPQtrtTHdU1YzTZ7bAPN4sITq2xi1679w==}

  '@actions/github@6.0.1':
    resolution: {integrity: sha512-xbZVcaqD4XnQAe35qSQqskb3SqIAfRyLBrHMd/8TuL7hJSz2QtbDwnNM8zWx4zO5l2fnGtseNE3MbEvD7BxVMw==}

  '@actions/http-client@2.2.3':
    resolution: {integrity: sha512-mx8hyJi/hjFvbPokCg4uRd4ZX78t+YyRPtnKWwIl+RzNaVuFpQHfmlGVfsKEJN8LwTCvL+DfVgAM04XaHkm6bA==}

  '@actions/io@1.1.3':
    resolution: {integrity: sha512-wi9JjgKLYS7U/z8PPbco+PvTb/nRWjeoFlJ1Qer83k/3C5PHQi28hiVdeE2kHXmIL99mQFawx8qt/JPjZilJ8Q==}

  '@fastify/busboy@2.1.1':
    resolution: {integrity: sha512-vBZP4NlzfOlerQTnba4aqZoMhE/a9HY7HRqoOPaETQcSQuWEIyZMHGfVu6w9wGtGK5fED5qRs2DteVCjOH60sA==}
    engines: {node: '>=14'}

  '@octokit/auth-token@4.0.0':
    resolution: {integrity: sha512-tY/msAuJo6ARbK6SPIxZrPBms3xPbfwBrulZe0Wtr/DIY9lje2HeV1uoebShn6mx7SjCHif6EjMvoREj+gZ+SA==}
    engines: {node: '>= 18'}

  '@octokit/core@5.2.1':
    resolution: {integrity: sha512-dKYCMuPO1bmrpuogcjQ8z7ICCH3FP6WmxpwC03yjzGfZhj9fTJg6+bS1+UAplekbN2C+M61UNllGOOoAfGCrdQ==}
    engines: {node: '>= 18'}

  '@octokit/endpoint@9.0.6':
    resolution: {integrity: sha512-H1fNTMA57HbkFESSt3Y9+FBICv+0jFceJFPWDePYlR/iMGrwM5ph+Dd4XRQs+8X+PUFURLQgX9ChPfhJ/1uNQw==}
    engines: {node: '>= 18'}

  '@octokit/graphql@7.1.1':
    resolution: {integrity: sha512-3mkDltSfcDUoa176nlGoA32RGjeWjl3K7F/BwHwRMJUW/IteSa4bnSV8p2ThNkcIcZU2umkZWxwETSSCJf2Q7g==}
    engines: {node: '>= 18'}

  '@octokit/openapi-types@20.0.0':
    resolution: {integrity: sha512-EtqRBEjp1dL/15V7WiX5LJMIxxkdiGJnabzYx5Apx4FkQIFgAfKumXeYAqqJCj1s+BMX4cPFIFC4OLCR6stlnA==}

  '@octokit/openapi-types@24.2.0':
    resolution: {integrity: sha512-9sIH3nSUttelJSXUrmGzl7QUBFul0/mB8HRYl3fOlgHbIWG+WnYDXU3v/2zMtAvuzZ/ed00Ei6on975FhBfzrg==}

  '@octokit/plugin-paginate-rest@9.2.2':
    resolution: {integrity: sha512-u3KYkGF7GcZnSD/3UP0S7K5XUFT2FkOQdcfXZGZQPGv3lm4F2Xbf71lvjldr8c1H3nNbF+33cLEkWYbokGWqiQ==}
    engines: {node: '>= 18'}
    peerDependencies:
      '@octokit/core': '5'

  '@octokit/plugin-rest-endpoint-methods@10.4.1':
    resolution: {integrity: sha512-xV1b+ceKV9KytQe3zCVqjg+8GTGfDYwaT1ATU5isiUyVtlVAO3HNdzpS4sr4GBx4hxQ46s7ITtZrAsxG22+rVg==}
    engines: {node: '>= 18'}
    peerDependencies:
      '@octokit/core': '5'

  '@octokit/request-error@5.1.1':
    resolution: {integrity: sha512-v9iyEQJH6ZntoENr9/yXxjuezh4My67CBSu9r6Ve/05Iu5gNgnisNWOsoJHTP6k0Rr0+HQIpnH+kyammu90q/g==}
    engines: {node: '>= 18'}

  '@octokit/request@8.4.1':
    resolution: {integrity: sha512-qnB2+SY3hkCmBxZsR/MPCybNmbJe4KAlfWErXq+rBKkQJlbjdJeS85VI9r8UqeLYLvnAenU8Q1okM/0MBsAGXw==}
    engines: {node: '>= 18'}

  '@octokit/types@12.6.0':
    resolution: {integrity: sha512-1rhSOfRa6H9w4YwK0yrf5faDaDTb+yLyBUKOCV4xtCDB5VmIPqd/v9yr9o6SAzOAlRxMiRiCic6JVM1/kunVkw==}

  '@octokit/types@13.10.0':
    resolution: {integrity: sha512-ifLaO34EbbPj0Xgro4G5lP5asESjwHracYJvVaPIyXMuiuXLlhic3S47cBdTb+jfODkTE5YtGCLt3Ay3+J97sA==}

  '@vercel/ncc@0.33.4':
    resolution: {integrity: sha512-ln18hs7dMffelP47tpkaR+V5Tj6coykNyxJrlcmCormPqRQjB/Gv4cu2FfBG+PMzIfdZp2CLDsrrB1NPU22Qhg==}
    hasBin: true

  agent-base@6.0.2:
    resolution: {integrity: sha512-RZNwNclF7+MS/8bDg70amg32dyeZGZxiDuQmZxKLAlQjr3jGyLx+4Kkk58UO7D2QdgFIQCovuSuZESne6RG6XQ==}
    engines: {node: '>= 6.0.0'}

  ajv-formats@1.6.1:
    resolution: {integrity: sha512-4CjkH20If1lhR5CGtqkrVg3bbOtFEG80X9v6jDOIUhbzzbB+UzPBGy8GQhUNVZ0yvMHdMpawCOcy5ydGMsagGQ==}
    peerDependencies:
      ajv: ^7.0.0
    peerDependenciesMeta:
      ajv:
        optional: true

  ajv@7.2.4:
    resolution: {integrity: sha512-nBeQgg/ZZA3u3SYxyaDvpvDtgZ/EZPF547ARgZBrG9Bhu1vKDwAIjtIf+sDtJUKa2zOcEbmRLBRSyMraS/Oy1A==}

  asn1@0.2.6:
    resolution: {integrity: sha512-ix/FxPn0MDjeyJ7i/yoHGFt/EX6LyNbxSEhPPXODPL+KB0VPk86UYfL0lMdy+KCnv+fmvIzySwaK5COwqVbWTQ==}

  assert-plus@1.0.0:
    resolution: {integrity: sha512-NfJ4UzBCcQGLDlQq7nHxH+tv3kyZ0hHQqF5BO6J7tNJeP5do1llPr8dZ8zHonfhAu0PHAdMkSo+8o0wxg9lZWw==}
    engines: {node: '>=0.8'}

  asynckit@0.4.0:
    resolution: {integrity: sha512-Oei9OH4tRh0YqU3GxhX79dM/mwVgvbZJaSNaRk+bshkj0S5cfHcgYakreBjrHwatXKbz+IoIdYLxrKim2MjW0Q==}

  atomically@1.7.0:
    resolution: {integrity: sha512-Xcz9l0z7y9yQ9rdDaxlmaI4uJHf/T8g9hOEzJcsEqX2SjCj4J20uK7+ldkDHMbpJDK76wF7xEIgxc/vSlsfw5w==}
    engines: {node: '>=10.12.0'}

  aws-sign2@0.7.0:
    resolution: {integrity: sha512-08kcGqnYf/YmjoRhfxyu+CLxBjUtHLXLXX/vUfx9l2LYzG3c1m61nrpyFUZI6zeS+Li/wWMMidD9KgrqtGq3mA==}

  aws4@1.13.2:
    resolution: {integrity: sha512-lHe62zvbTB5eEABUVi/AwVh0ZKY9rMMDhmm+eeyuuUQbQ3+J+fONVQOZyj+DdrvD4BY33uYniyRJ4UJIaSKAfw==}

  bcrypt-pbkdf@1.0.2:
    resolution: {integrity: sha512-qeFIXtP4MSoi6NLqO12WfqARWWuCKi2Rn/9hJLEmtB5yTNr9DqFWkJRCf2qShWzPeAMRnOgCrq0sg/KLv5ES9w==}

  before-after-hook@2.2.3:
    resolution: {integrity: sha512-NzUnlZexiaH/46WDhANlyR2bXRopNg4F/zuSA3OpZnllCUgRaOF2znDioDWrmbNVsuZk6l9pMquQB38cfBZwkQ==}

  bignumber.js@9.3.0:
    resolution: {integrity: sha512-EM7aMFTXbptt/wZdMlBv2t8IViwQL+h6SLHosp8Yf0dqJMTnY6iL32opnAB6kAdL0SZPuvcAzFr31o0c/R3/RA==}

  call-bind-apply-helpers@1.0.2:
    resolution: {integrity: sha512-Sp1ablJ0ivDkSzjcaJdxEunN5/XvksFJ2sMBFfq6x0ryhQV/2b/KwFe21cMpmHtPOSij8K99/wSfoEuTObmuMQ==}
    engines: {node: '>= 0.4'}

  call-bound@1.0.4:
    resolution: {integrity: sha512-+ys997U96po4Kx/ABpBCqhA9EuxJaQWDQg7295H4hBphv3IZg0boBKuwYpt4YXp6MZ5AmZQnU/tyMTlRpaSejg==}
    engines: {node: '>= 0.4'}

  caseless@0.12.0:
    resolution: {integrity: sha512-4tYFyifaFfGacoiObjJegolkwSU4xQNGbVgUiNYVUxbQ2x2lUsFvY4hVgVzGiIe6WLOPqycWXA40l+PWsxthUw==}

  combined-stream@1.0.8:
    resolution: {integrity: sha512-FQN4MRfuJeHf7cBbBMJFXhKSDq+2kAArBlmRBvcvFE5BB1HZKXtSFASDhdlz9zOYwxh8lDdnvmMOe/+5cdoEdg==}
    engines: {node: '>= 0.8'}

  conf@9.0.2:
    resolution: {integrity: sha512-rLSiilO85qHgaTBIIHQpsv8z+NnVfZq3cKuYNCXN1AOqPzced0GWZEe/A517VldRLyQYXUMyV+vszavE2jSAqw==}
    engines: {node: '>=10'}

  core-util-is@1.0.2:
    resolution: {integrity: sha512-3lqz5YjWTYnW6dlDa5TLaTCcShfar1e40rmcJVwCBJC6mWlFuj0eCHIElmG1g5kyuJ/GD+8Wn4FFCcz4gJPfaQ==}

  cos-nodejs-sdk-v5@2.16.0-beta.3:
    resolution: {integrity: sha512-YKrnGBw790JNavsAocFKWzYG+m7ZVdtjWJYt+0lrBnJN7JvO/6fi1PCrh1iyT95ZHJHHBjuJxSAq+SP0oRnvIg==}
    engines: {node: '>= 9'}

  cos-request@1.0.0:
    resolution: {integrity: sha512-f5YUT8L/Xc6ZBsXKkEhyd7NXy9gfEf0QZlBnXVC7S29AwGdIweRlvT9Ba6jRypOAPCmYNZfgC76szc38GshJXA==}
    engines: {node: '>= 8'}

  dashdash@1.14.1:
    resolution: {integrity: sha512-jRFi8UDGo6j+odZiEpjazZaWqEal3w/basFjQHQEwVtZJGDpxbH1MeYluwCS8Xq5wmLJooDlMgvVarmWfGM44g==}
    engines: {node: '>=0.10'}

  debounce-fn@4.0.0:
    resolution: {integrity: sha512-8pYCQiL9Xdcg0UPSD3d+0KMlOjp+KGU5EPwYddgzQ7DATsg4fuUDjQtsYLmWjnk2obnNHgV3vE2Y4jejSOJVBQ==}
    engines: {node: '>=10'}

  debug@4.4.1:
    resolution: {integrity: sha512-KcKCqiftBJcZr++7ykoDIEwSa3XWowTfNPo92BYxjXiyYEVrUQh2aLyhxBCwww+heortUFxEJYcRzosstTEBYQ==}
    engines: {node: '>=6.0'}
    peerDependencies:
      supports-color: '*'
    peerDependenciesMeta:
      supports-color:
        optional: true

  delayed-stream@1.0.0:
    resolution: {integrity: sha512-ZySD7Nf91aLB0RxL4KGrKHBXl7Eds1DAmEdcoVawXnLD7SDhpNgtuII2aAkg7a7QS41jxPSZ17p4VdGnMHk3MQ==}
    engines: {node: '>=0.4.0'}

  deprecation@2.3.1:
    resolution: {integrity: sha512-xmHIy4F3scKVwMsQ4WnVaS8bHOx0DmVwRywosKhaILI0ywMDWPtBSku2HNxRvF7jtwDRsoEwYQSfbxj8b7RlJQ==}

  dot-prop@6.0.1:
    resolution: {integrity: sha512-tE7ztYzXHIeyvc7N+hR3oi7FIbf/NIjVP9hmAt3yMXzrQ072/fpjGLx2GxNxGxUl5V73MEqYzioOMoVhGMJ5cA==}
    engines: {node: '>=10'}

  dunder-proto@1.0.1:
    resolution: {integrity: sha512-KIN/nDJBQRcXw0MLVhZE9iQHmG68qAVIBg9CqmUYjmQIhgij9U5MFvrqkUL5FbtyyzZuOeOt0zdeRe4UY7ct+A==}
    engines: {node: '>= 0.4'}

  ecc-jsbn@0.1.2:
    resolution: {integrity: sha512-eh9O+hwRHNbG4BLTjEl3nw044CkGm5X6LoaCf7LPp7UU8Qrt47JYNi6nPX8xjW97TKGKm1ouctg0QSpZe9qrnw==}

  env-paths@2.2.1:
    resolution: {integrity: sha512-+h1lkLKhZMTYjog1VEpJNG7NZJWcuc2DDk/qsqSTRRCOXiLjeQ1d1/udrUGhqMxUgAlwKNZ0cf2uqan5GLuS2A==}
    engines: {node: '>=6'}

  es-define-property@1.0.1:
    resolution: {integrity: sha512-e3nRfgfUZ4rNGL232gUgX06QNyyez04KdjFrF+LTRoOXmrOgFKDg4BCdsjW8EnT69eqdYGmRpJwiPVYNrCaW3g==}
    engines: {node: '>= 0.4'}

  es-errors@1.3.0:
    resolution: {integrity: sha512-Zf5H2Kxt2xjTvbJvP2ZWLEICxA6j+hAmMzIlypy4xcBg1vKVnx89Wy0GbS+kf5cwCVFFzdCFh2XSCFNULS6csw==}
    engines: {node: '>= 0.4'}

  es-object-atoms@1.1.1:
    resolution: {integrity: sha512-FGgH2h8zKNim9ljj7dankFPcICIK9Cp5bm+c2gQSYePhpaG5+esrLODihIorn+Pe6FGJzWhXQotPv73jTaldXA==}
    engines: {node: '>= 0.4'}

  es-set-tostringtag@2.1.0:
    resolution: {integrity: sha512-j6vWzfrGVfyXxge+O0x5sh6cvxAog0a/4Rdd2K36zCMV5eJ+/+tOAngRO8cODMNWbVRdVlmGZQL2YS3yR8bIUA==}
    engines: {node: '>= 0.4'}

  extend@3.0.2:
    resolution: {integrity: sha512-fjquC59cD7CyW6urNXK0FBufkZcoiGG80wTuPujX590cB5Ttln20E2UB4S/WARVqhXffZl2LNgS+gQdPIIim/g==}

  extsprintf@1.3.0:
    resolution: {integrity: sha512-11Ndz7Nv+mvAC1j0ktTa7fAb0vLyGGX+rMHNBYQviQDGU0Hw7lhctJANqbPhu9nV9/izT/IntTgZ7Im/9LJs9g==}
    engines: {'0': node >=0.6.0}

  fast-deep-equal@3.1.3:
    resolution: {integrity: sha512-f3qQ9oQy9j2AhBe/H9VC91wLmKBCCU/gDOnKNAYG5hswO7BLKj09Hc5HYNz9cGI++xlpDCIgDaitVs03ATR84Q==}

  fast-xml-parser@4.2.5:
    resolution: {integrity: sha512-B9/wizE4WngqQftFPmdaMYlXoJlJOYxGQOanC77fq9k8+Z0v5dDSVh+3glErdIROP//s/jgb7ZuxKfB8nVyo0g==}
    hasBin: true

  find-up@3.0.0:
    resolution: {integrity: sha512-1yD6RmLI1XBfxugvORwlck6f75tYL+iR0jqwsOrOxMZyGYqUuDhJ0l4AXdO1iX/FTs9cBAMEk1gWSEx1kSbylg==}
    engines: {node: '>=6'}

  forever-agent@0.6.1:
    resolution: {integrity: sha512-j0KLYPhm6zeac4lz3oJ3o65qvgQCcPubiyotZrXqEaG4hNagNYO8qdlUrX5vwqv9ohqeT/Z3j6+yW067yWWdUw==}

  form-data@2.3.3:
    resolution: {integrity: sha512-1lLKB2Mu3aGP1Q/2eCOx0fNbRMe7XdwktwOruhfqqd0rIJWwN4Dh+E3hrPSlDCXnSR7UtZ1N38rVXm+6+MEhJQ==}
    engines: {node: '>= 0.12'}

  form-data@3.0.3:
    resolution: {integrity: sha512-q5YBMeWy6E2Un0nMGWMgI65MAKtaylxfNJGJxpGh45YDciZB4epbWpaAfImil6CPAPTYB4sh0URQNDRIZG5F2w==}
    engines: {node: '>= 6'}

  fs-extra@11.3.0:
    resolution: {integrity: sha512-Z4XaCL6dUDHfP/jT25jJKMmtxvuwbkrD1vNSMFlo9lNLY2c5FHYSQgHPRZUjAB26TpDEoW9HCOgplrdbaPV/ew==}
    engines: {node: '>=14.14'}

  function-bind@1.1.2:
    resolution: {integrity: sha512-7XHNxH7qX9xG5mIwxkhumTox/MIRNcOgDrxWsMt2pAr23WHp6MrRlN7FBSFpCpr+oVO0F744iUgR82nJMfG2SA==}

  get-intrinsic@1.3.0:
    resolution: {integrity: sha512-9fSjSaos/fRIVIp+xSJlE6lfwhES7LNtKaCBIamHsjr2na1BiABJPo0mOjjz8GJDURarmCPGqaiVg5mfjb98CQ==}
    engines: {node: '>= 0.4'}

  get-proto@1.0.1:
    resolution: {integrity: sha512-sTSfBjoXBp89JvIKIefqw7U2CCebsc74kiY6awiGogKtoSGbgjYE/G/+l9sF3MWFPNc9IcoOC4ODfKHfxFmp0g==}
    engines: {node: '>= 0.4'}

  get-stream@6.0.1:
    resolution: {integrity: sha512-ts6Wi+2j3jQjqi70w5AlN8DFnkSwC+MqmxEzdEALB2qXZYV3X/b1CTfgPLGJNMeAWxdPfU8FO1ms3NUfaHCPYg==}
    engines: {node: '>=10'}

  getpass@0.1.7:
    resolution: {integrity: sha512-0fzj9JxOLfJ+XGLhR8ze3unN0KZCgZwiSSDz168VERjK8Wl8kVSdcu2kspd4s4wtAa1y/qrVRiAA0WclVsu0ng==}

  gopd@1.2.0:
    resolution: {integrity: sha512-ZUKRh6/kUFoAiTAtTYPZJ3hw9wNxx+BIBOijnlG9PnrJsCcSjs1wyyD6vJpaYtgnzDrKYRSqf3OO6Rfa93xsRg==}
    engines: {node: '>= 0.4'}

  graceful-fs@4.2.11:
    resolution: {integrity: sha512-RbJ5/jmFcNNCcDV5o9eTnBLJ/HszWV0P73bc+Ff4nS/rJj+YaS6IGyiOL0VoBYX+l1Wrl3k63h/KrH+nhJ0XvQ==}

  has-symbols@1.1.0:
    resolution: {integrity: sha512-1cDNdwJ2Jaohmb3sg4OmKaMBwuC48sYni5HUw2DvsC8LjGTLK9h+eb1X6RyuOHe4hT0ULCW68iomhjUoKUqlPQ==}
    engines: {node: '>= 0.4'}

  has-tostringtag@1.0.2:
    resolution: {integrity: sha512-NqADB8VjPFLM2V0VvHUewwwsw0ZWBaIdgo+ieHtK3hasLz4qeCRjYcqfB6AQrBggRKppKF8L52/VqdVsO47Dlw==}
    engines: {node: '>= 0.4'}

  hasown@2.0.2:
    resolution: {integrity: sha512-0hJU9SCPvmMzIBdZFqNPXWa6dqh7WdH0cII9y+CyS8rG3nL48Bclra9HmKhVVUHyPWNH5Y7xDwAB7bfgSjkUMQ==}
    engines: {node: '>= 0.4'}

  http-signature@1.2.0:
    resolution: {integrity: sha512-CAbnr6Rz4CYQkLYUtSNXxQPUH2gK8f3iWexVlsnMeD+GjlsQ0Xsy1cOX+mN3dtxYomRy21CiOzU8Uhw6OwncEQ==}
    engines: {node: '>=0.8', npm: '>=1.3.7'}

  https-proxy-agent@5.0.1:
    resolution: {integrity: sha512-dFcAjpTQFgoLMzC2VwU+C/CbS7uRL0lWmxDITmqm7C+7F0Odmj6s9l6alZc6AELXhrnggM2CeWSXHGOdX2YtwA==}
    engines: {node: '>= 6'}

  is-obj@2.0.0:
    resolution: {integrity: sha512-drqDG3cbczxxEJRoOXcOjtdp1J/lyp1mNn0xaznRs8+muBhgQcrnbspox5X5fOw0HnMnbfDzvnEMEtqDEJEo8w==}
    engines: {node: '>=8'}

  is-stream@2.0.1:
    resolution: {integrity: sha512-hFoiJiTl63nn+kstHGBtewWSKnQLpyb155KHheA1l39uvtO9nWIop1p3udqPcUd/xbF1VLMO4n7OI6p7RbngDg==}
    engines: {node: '>=8'}

  is-typedarray@1.0.0:
    resolution: {integrity: sha512-cyA56iCMHAh5CdzjJIa4aohJyeO1YbwLi3Jc35MmRU6poroFjIGZzUzupGiRPOjgHg9TLu43xbpwXk523fMxKA==}

  isstream@0.1.2:
    resolution: {integrity: sha512-Yljz7ffyPbrLpLngrMtZ7NduUgVvi6wG9RJ9IUcyCd59YQ911PBJphODUcbOVbqYfxe1wuYf/LJ8PauMRwsM/g==}

  jsbn@0.1.1:
    resolution: {integrity: sha512-UVU9dibq2JcFWxQPA6KCqj5O42VOmAY3zQUfEKxU0KpTGXwNoCjkX1e13eHNvw/xPynt6pU0rZ1htjWTNTSXsg==}

  json-bigint@1.0.0:
    resolution: {integrity: sha512-SiPv/8VpZuWbvLSMtTDU8hEfrZWg/mH/nV/b4o0CYbSxu1UIQPLdwKOCIyLQX+VIPO5vrLX3i8qtqFyhdPSUSQ==}

  json-schema-traverse@1.0.0:
    resolution: {integrity: sha512-NM8/P9n3XjXhIZn1lLhkFaACTOURQXjWhV4BA/RnOv8xvgqtqpAX9IO4mRQxSx1Rlo4tqzeqb0sOlruaOy3dug==}

  json-schema-typed@7.0.3:
    resolution: {integrity: sha512-7DE8mpG+/fVw+dTpjbxnx47TaMnDfOI1jwft9g1VybltZCduyRQPJPvc+zzKY9WPHxhPWczyFuYa6I8Mw4iU5A==}

  json-schema@0.4.0:
    resolution: {integrity: sha512-es94M3nTIfsEPisRafak+HDLfHXnKBhV3vU5eqPcS3flIWqcxJWgXHXiey3YrpaNsanY5ei1VoYEbOzijuq9BA==}

  json-stringify-safe@5.0.1:
    resolution: {integrity: sha512-ZClg6AaYvamvYEE82d3Iyd3vSSIjQ+odgjaTzRuO3s7toCdFKczob2i0zCh7JE8kWn17yvAWhUVxvqGwUalsRA==}

  jsonfile@6.1.0:
    resolution: {integrity: sha512-5dgndWOriYSm5cnYaJNhalLNDKOqFwyDB/rr1E9ZsGciGvKPs8R2xYGCacuf3z6K1YKDz182fd+fY3cn3pMqXQ==}

  jsprim@1.4.2:
    resolution: {integrity: sha512-P2bSOMAc/ciLz6DzgjVlGJP9+BrJWu5UDGK70C2iweC5QBIeFf0ZXRvGjEj2uYgrY2MkAAhsSWHDWlFtEroZWw==}
    engines: {node: '>=0.6.0'}

  locate-path@3.0.0:
    resolution: {integrity: sha512-7AO748wWnIhNqAuaty2ZWHkQHRSNfPVIsPIfwEOWO22AmaoVrWavlOcMR5nzTLNYvp36X220/maaRsrec1G65A==}
    engines: {node: '>=6'}

  make-dir@3.1.0:
    resolution: {integrity: sha512-g3FeP20LNwhALb/6Cz6Dd4F2ngze0jz7tbzrD2wAV+o9FeNHe4rL+yK2md0J/fiSf1sa1ADhXqi5+oVwOM/eGw==}
    engines: {node: '>=8'}

  math-intrinsics@1.1.0:
    resolution: {integrity: sha512-/IXtbwEk5HTPyEwyKX6hGkYXxM9nbj64B+ilVJnC/R6B0pH5G4V3b0pVbL7DBj4tkhBAppbQUlf6F6Xl9LHu1g==}
    engines: {node: '>= 0.4'}

  mime-db@1.52.0:
    resolution: {integrity: sha512-sPU4uV7dYlvtWJxwwxHD0PuihVNiE7TyAbQ5SWxDCB9mUYvOgroQOwYQQOKPJ8CIbE+1ETVlOoK1UC2nU3gYvg==}
    engines: {node: '>= 0.6'}

  mime-types@2.1.35:
    resolution: {integrity: sha512-ZDY+bPm5zTTF+YpCrAU9nK0UgICYPT0QtT1NZWFv4s++TNkcgVaT0g6+4R2uI4MjQjzysHB1zxuWL50hzaeXiw==}
    engines: {node: '>= 0.6'}

  mimic-fn@2.1.0:
    resolution: {integrity: sha512-OqbOk5oEQeAZ8WXWydlu9HJjz9WVdEIvamMCcXmuqUYjTknH/sqsWvhQ3vgwKFRR1HpjvNBKQ37nbJgYzGqGcg==}
    engines: {node: '>=6'}

  mimic-fn@3.1.0:
    resolution: {integrity: sha512-Ysbi9uYW9hFyfrThdDEQuykN4Ey6BuwPD2kpI5ES/nFTDn/98yxYNLZJcgUAKPT/mcrLLKaGzJR9YVxJrIdASQ==}
    engines: {node: '>=8'}

  ms@2.1.3:
    resolution: {integrity: sha512-6FlzubTLZG3J2a/NVCAleEhjzq5oxgHyaCU9yYXvcLsvoVaHJq/s5xXI6/XXP6tz7R9xAOtHnSO/tXtF3WRTlA==}

  node-fetch@2.7.0:
    resolution: {integrity: sha512-c4FRfUm/dbcWZ7U+1Wq0AwCyFL+3nt2bEw05wfxSz+DWpWsitgmSgYmy2dQdWyKC1694ELPqMs/YzUSNozLt8A==}
    engines: {node: 4.x || >=6.0.0}
    peerDependencies:
      encoding: ^0.1.0
    peerDependenciesMeta:
      encoding:
        optional: true

  oauth-sign@0.9.0:
    resolution: {integrity: sha512-fexhUFFPTGV8ybAtSIGbV6gOkSv8UtRbDBnAyLQw4QPKkgNlsH2ByPGtMUqdWkos6YCRmAqViwgZrJc/mRDzZQ==}

  object-inspect@1.13.4:
    resolution: {integrity: sha512-W67iLl4J2EXEGTbfeHCffrjDfitvLANg0UlX3wFUUSTx92KXRFegMHUVgSqE+wvhAbi4WqjGg9czysTV2Epbew==}
    engines: {node: '>= 0.4'}

  once@1.4.0:
    resolution: {integrity: sha512-lNaJgI+2Q5URQBkccEKHTQOPaXdUxnZZElQTZY0MFUAuaEqe1E+Nyvgdz/aIyNi6Z9MzO5dv1H8n58/GELp3+w==}

  onetime@5.1.2:
    resolution: {integrity: sha512-kbpaSSGJTWdAY5KPVeMOKXSrPtr8C8C7wodJbcsd51jRnmD+GZu8Y0VoU6Dm5Z4vWr0Ig/1NKuWRKf7j5aaYSg==}
    engines: {node: '>=6'}

  p-limit@2.3.0:
    resolution: {integrity: sha512-//88mFWSJx8lxCzwdAABTJL2MyWB12+eIY7MDL2SqLmAkeKU9qxRvWuSyTjm3FUmpBEMuFfckAIqEaVGUDxb6w==}
    engines: {node: '>=6'}

  p-locate@3.0.0:
    resolution: {integrity: sha512-x+12w/To+4GFfgJhBEpiDcLozRJGegY+Ei7/z0tSLkMmxGZNybVMSfWj9aJn8Z5Fc7dBUNJOOVgPv2H7IwulSQ==}
    engines: {node: '>=6'}

  p-try@2.2.0:
    resolution: {integrity: sha512-R4nPAVTAU0B9D35/Gk3uJf/7XYbQcyohSKdvAxIRSNghFl4e71hVoGnBNQz9cWaXxO2I10KTC+3jMdvvoKw6dQ==}
    engines: {node: '>=6'}

  path-exists@3.0.0:
    resolution: {integrity: sha512-bpC7GYwiDYQ4wYLe+FA8lhRjhQCMcQGuSgGGqDkg/QerRWw9CmGRT0iSOVRSZJ29NMLZgIzqaljJ63oaL4NIJQ==}
    engines: {node: '>=4'}

  performance-now@2.1.0:
    resolution: {integrity: sha512-7EAHlyLHI56VEIdK57uwHdHKIaAGbnXPiw0yWbarQZOKaKpvUIgW0jWRVLiatnM+XXlSwsanIBH/hzGMJulMow==}

  pkg-up@3.1.0:
    resolution: {integrity: sha512-nDywThFk1i4BQK4twPQ6TA4RT8bDY96yeuCVBWL3ePARCiEKDRSrNGbFIgUJpLp+XeIR65v8ra7WuJOFUBtkMA==}
    engines: {node: '>=8'}

  psl@1.15.0:
    resolution: {integrity: sha512-JZd3gMVBAVQkSs6HdNZo9Sdo0LNcQeMNP3CozBJb3JYC/QUYZTnKxP+f8oWRX4rHP5EurWxqAHTSwUCjlNKa1w==}

  punycode@2.3.1:
    resolution: {integrity: sha512-vYt7UD1U9Wg6138shLtLOvdAu+8DsC/ilFtEVHcH+wydcSpNE20AfSOduf6MkRFahL5FY7X1oU7nKVZFtfq8Fg==}
    engines: {node: '>=6'}

  qs@6.13.1:
    resolution: {integrity: sha512-EJPeIn0CYrGu+hli1xilKAPXODtJ12T0sP63Ijx2/khC2JtuaN3JyNIpvmnkmaEtha9ocbG4A4cMcr+TvqvwQg==}
    engines: {node: '>=0.6'}

  querystringify@2.2.0:
    resolution: {integrity: sha512-FIqgj2EUvTa7R50u0rGsyTftzjYmv/a3hO345bZNrqabNqjtgiDMgmo4mkUjd+nzU5oF3dClKqFIPUKybUyqoQ==}

  require-from-string@2.0.2:
    resolution: {integrity: sha512-Xf0nWe6RseziFMu+Ap9biiUbmplq6S9/p+7w7YXP/JBHhrUDDUhwa+vANyubuqfZWTveU//DYVGsDG7RKL/vEw==}
    engines: {node: '>=0.10.0'}

  requires-port@1.0.0:
    resolution: {integrity: sha512-KigOCHcocU3XODJxsu8i/j8T9tzT4adHiecwORRQ0ZZFcp7ahwXuRU1m+yuO90C5ZUyGeGfocHDI14M3L3yDAQ==}

  safe-buffer@5.2.1:
    resolution: {integrity: sha512-rp3So07KcdmmKbGvgaNxQSJr7bGVSVk5S9Eq1F+ppbRo70+YeaDxkw5Dd8NPN+GD6bjnYm2VuPuCXmpuYvmCXQ==}

  safer-buffer@2.1.2:
    resolution: {integrity: sha512-YZo3K82SD7Riyi0E1EQPojLz7kpepnSQI9IyPbHHg1XXXevb5dJI7tpyN2ADxGcQbHG7vcyRHk0cbwqcQriUtg==}

  semver@6.3.1:
    resolution: {integrity: sha512-BR7VvDCVHO+q2xBEWskxS6DJE1qRnb7DxzUrogb71CWoSficBxYsiAGd+Kl0mmq/MprG9yArRkyrQxTO6XjMzA==}
    hasBin: true

  semver@7.7.2:
    resolution: {integrity: sha512-RF0Fw+rO5AMf9MAyaRXI4AV0Ulj5lMHqVxxdSgiVbixSCXoEmmX/jk0CuJw4+3SqroYO9VoUh+HcuJivvtJemA==}
    engines: {node: '>=10'}
    hasBin: true

  side-channel-list@1.0.0:
    resolution: {integrity: sha512-FCLHtRD/gnpCiCHEiJLOwdmFP+wzCmDEkc9y7NsYxeF4u7Btsn1ZuwgwJGxImImHicJArLP4R0yX4c2KCrMrTA==}
    engines: {node: '>= 0.4'}

  side-channel-map@1.0.1:
    resolution: {integrity: sha512-VCjCNfgMsby3tTdo02nbjtM/ewra6jPHmpThenkTYh8pG9ucZ/1P8So4u4FGBek/BjpOVsDCMoLA/iuBKIFXRA==}
    engines: {node: '>= 0.4'}

  side-channel-weakmap@1.0.2:
    resolution: {integrity: sha512-WPS/HvHQTYnHisLo9McqBHOJk2FkHO/tlpvldyrnem4aeQp4hai3gythswg6p01oSoTl58rcpiFAjF2br2Ak2A==}
    engines: {node: '>= 0.4'}

  side-channel@1.1.0:
    resolution: {integrity: sha512-ZX99e6tRweoUXqR+VBrslhda51Nh5MTQwou5tnUDgbtyM0dBgmhEDtWGP/xbKn6hqfPRHujUNwz5fy/wbbhnpw==}
    engines: {node: '>= 0.4'}

  sshpk@1.18.0:
    resolution: {integrity: sha512-2p2KJZTSqQ/I3+HX42EpYOa2l3f8Erv8MWKsy2I9uf4wA7yFIkXRffYdsx86y6z4vHtV8u7g+pPlr8/4ouAxsQ==}
    engines: {node: '>=0.10.0'}
    hasBin: true

  strnum@1.1.2:
    resolution: {integrity: sha512-vrN+B7DBIoTTZjnPNewwhx6cBA/H+IS7rfW68n7XxC1y7uoiGQBxaKzqucGUgavX15dJgiGztLJ8vxuEzwqBdA==}

  tencentcloud-sdk-nodejs@4.1.56:
    resolution: {integrity: sha512-hX64O3A9xsYJq5WRqdNR93WUKBpPTvMwv97J8viWRchieDbaE5L0T1844cE0UbPBp4iuMDF0aEAM+AQf9IZF8w==}
    engines: {node: '>=10'}

  tough-cookie@4.1.4:
    resolution: {integrity: sha512-Loo5UUvLD9ScZ6jh8beX1T6sO1w2/MpCRpEP7V280GKMVUQ0Jzar2U3UJPsrdbziLEMMhu3Ujnq//rhiFuIeag==}
    engines: {node: '>=6'}

  tr46@0.0.3:
    resolution: {integrity: sha512-N3WMsuqV66lT30CrXNbEjx4GEwlow3v6rr4mCcv6prnfwhS01rkgyFdjPNBYd9br7LpXV1+Emh01fHnq2Gdgrw==}

  tslib@1.13.0:
    resolution: {integrity: sha512-i/6DQjL8Xf3be4K/E6Wgpekn5Qasl1usyw++dAA35Ue5orEn65VIxOA+YvNNl9HV3qv70T7CNwjODHZrLwvd1Q==}

  tunnel-agent@0.6.0:
    resolution: {integrity: sha512-McnNiV1l8RYeY8tBgEpuodCC1mLUdbSN+CYBL7kJsJNInOP8UjDDEwdk6Mw60vdLLrr5NHKZhMAOSrR2NZuQ+w==}

  tunnel@0.0.6:
    resolution: {integrity: sha512-1h/Lnq9yajKY2PEbBadPXj3VxsDDu844OnaAo52UVmIzIvwwtBPIuNvkjuzBlTWpfJyUbG3ez0KSBibQkj4ojg==}
    engines: {node: '>=0.6.11 <=0.7.0 || >=0.7.3'}

  tweetnacl@0.14.5:
    resolution: {integrity: sha512-KXXFFdAbFXY4geFIwoyNK+f5Z1b7swfXABfL7HXCmoIWMKU3dmS26672A4EeQtDzLKy7SXmfBu51JolvEKwtGA==}

  undici@5.29.0:
    resolution: {integrity: sha512-raqeBD6NQK4SkWhQzeYKd1KmIG6dllBOTt55Rmkt4HtI9mwdWtJljnrXjAFUBLTSN67HWrOIZ3EPF4kjUw80Bg==}
    engines: {node: '>=14.0'}

  universal-user-agent@6.0.1:
    resolution: {integrity: sha512-yCzhz6FN2wU1NiiQRogkTQszlQSlpWaw8SvVegAc+bDxbzHgh1vX8uIe8OYyMH6DwH+sdTJsgMl36+mSMdRJIQ==}

  universalify@0.2.0:
    resolution: {integrity: sha512-CJ1QgKmNg3CwvAv/kOFmtnEN05f0D/cn9QntgNOQlQF9dgvVTHj3t+8JPdjqawCHk7V/KA+fbUqzZ9XWhcqPUg==}
    engines: {node: '>= 4.0.0'}

  universalify@2.0.1:
    resolution: {integrity: sha512-gptHNQghINnc/vTGIk0SOFGFNXw7JVrlRUtConJRlvaw6DuX0wO5Jeko9sWrMBhh+PsYAZ7oXAiOnf/UKogyiw==}
    engines: {node: '>= 10.0.0'}

  uri-js@4.4.1:
    resolution: {integrity: sha512-7rKUyy33Q1yc98pQ1DAmLtwX109F7TIfWlW1Ydo8Wl1ii1SeHieeh0HHfPeL2fMXK6z0s8ecKs9frCuLJvndBg==}

  url-parse@1.5.10:
    resolution: {integrity: sha512-WypcfiRhfeUP9vvF0j6rw0J3hrWrw6iZv3+22h6iRMJ/8z1Tj6XfLP4DsUix5MhMPnXpiHDoKyoZ/bdCkwBCiQ==}

  uuid@8.3.2:
    resolution: {integrity: sha512-+NYs2QeMWy+GWFOEm9xnn6HCDp0l7QBD7ml8zLUmJ+93Q5NF0NocErnwkTkXVFNiX3/fpC6afS8Dhb/gz7R7eg==}
    hasBin: true

  uuid@9.0.1:
    resolution: {integrity: sha512-b+1eJOlsR9K8HJpow9Ok3fiWOWSIcIzXodvv0rQjVoOVNpWMpxf1wZNpt4y9h10odCNrqnYp1OBzRktckBe3sA==}
    hasBin: true

  verror@1.10.0:
    resolution: {integrity: sha512-ZZKSmDAEFOijERBLkmYfJ+vmk3w+7hOLYDNkRCuRuMJGEmqYNCNLyBBFwWKVMhfwaEF3WOd0Zlw86U/WC/+nYw==}
    engines: {'0': node >=0.6.0}

  webidl-conversions@3.0.1:
    resolution: {integrity: sha512-2JAn3z8AR6rjK8Sm8orRC0h/bcl/DqL7tRPdGZ4I1CjdF+EaMLmYxBHyXuKL849eucPFhvBoxMsflfOb8kxaeQ==}

  whatwg-url@5.0.0:
    resolution: {integrity: sha512-saE57nupxk6v3HY35+jzBwYa0rKSy0XR8JSxZPwgLr7ys0IBzhGviA1/TUGJLmSVqs8pb9AnvICXEuOHLprYTw==}

  wrappy@1.0.2:
    resolution: {integrity: sha512-l4Sp/DRseor9wL6EvV2+TuQn63dMkPjZ/sp9XkghTEbV9KlPS1xUsZ3u7/IQO4wxtcFB4bgpQPRcR3QCvezPcQ==}

snapshots:

  '@actions/core@1.11.1':
    dependencies:
      '@actions/exec': 1.1.1
      '@actions/http-client': 2.2.3

  '@actions/exec@1.1.1':
    dependencies:
      '@actions/io': 1.1.3

  '@actions/github@6.0.1':
    dependencies:
      '@actions/http-client': 2.2.3
      '@octokit/core': 5.2.1
      '@octokit/plugin-paginate-rest': 9.2.2(@octokit/core@5.2.1)
      '@octokit/plugin-rest-endpoint-methods': 10.4.1(@octokit/core@5.2.1)
      '@octokit/request': 8.4.1
      '@octokit/request-error': 5.1.1
      undici: 5.29.0

  '@actions/http-client@2.2.3':
    dependencies:
      tunnel: 0.0.6
      undici: 5.29.0

  '@actions/io@1.1.3': {}

  '@fastify/busboy@2.1.1': {}

  '@octokit/auth-token@4.0.0': {}

  '@octokit/core@5.2.1':
    dependencies:
      '@octokit/auth-token': 4.0.0
      '@octokit/graphql': 7.1.1
      '@octokit/request': 8.4.1
      '@octokit/request-error': 5.1.1
      '@octokit/types': 13.10.0
      before-after-hook: 2.2.3
      universal-user-agent: 6.0.1

  '@octokit/endpoint@9.0.6':
    dependencies:
      '@octokit/types': 13.10.0
      universal-user-agent: 6.0.1

  '@octokit/graphql@7.1.1':
    dependencies:
      '@octokit/request': 8.4.1
      '@octokit/types': 13.10.0
      universal-user-agent: 6.0.1

  '@octokit/openapi-types@20.0.0': {}

  '@octokit/openapi-types@24.2.0': {}

  '@octokit/plugin-paginate-rest@9.2.2(@octokit/core@5.2.1)':
    dependencies:
      '@octokit/core': 5.2.1
      '@octokit/types': 12.6.0

  '@octokit/plugin-rest-endpoint-methods@10.4.1(@octokit/core@5.2.1)':
    dependencies:
      '@octokit/core': 5.2.1
      '@octokit/types': 12.6.0

  '@octokit/request-error@5.1.1':
    dependencies:
      '@octokit/types': 13.10.0
      deprecation: 2.3.1
      once: 1.4.0

  '@octokit/request@8.4.1':
    dependencies:
      '@octokit/endpoint': 9.0.6
      '@octokit/request-error': 5.1.1
      '@octokit/types': 13.10.0
      universal-user-agent: 6.0.1

  '@octokit/types@12.6.0':
    dependencies:
      '@octokit/openapi-types': 20.0.0

  '@octokit/types@13.10.0':
    dependencies:
      '@octokit/openapi-types': 24.2.0

  '@vercel/ncc@0.33.4': {}

  agent-base@6.0.2:
    dependencies:
      debug: 4.4.1
    transitivePeerDependencies:
      - supports-color

  ajv-formats@1.6.1(ajv@7.2.4):
    optionalDependencies:
      ajv: 7.2.4

  ajv@7.2.4:
    dependencies:
      fast-deep-equal: 3.1.3
      json-schema-traverse: 1.0.0
      require-from-string: 2.0.2
      uri-js: 4.4.1

  asn1@0.2.6:
    dependencies:
      safer-buffer: 2.1.2

  assert-plus@1.0.0: {}

  asynckit@0.4.0: {}

  atomically@1.7.0: {}

  aws-sign2@0.7.0: {}

  aws4@1.13.2: {}

  bcrypt-pbkdf@1.0.2:
    dependencies:
      tweetnacl: 0.14.5

  before-after-hook@2.2.3: {}

  bignumber.js@9.3.0: {}

  call-bind-apply-helpers@1.0.2:
    dependencies:
      es-errors: 1.3.0
      function-bind: 1.1.2

  call-bound@1.0.4:
    dependencies:
      call-bind-apply-helpers: 1.0.2
      get-intrinsic: 1.3.0

  caseless@0.12.0: {}

  combined-stream@1.0.8:
    dependencies:
      delayed-stream: 1.0.0

  conf@9.0.2:
    dependencies:
      ajv: 7.2.4
      ajv-formats: 1.6.1(ajv@7.2.4)
      atomically: 1.7.0
      debounce-fn: 4.0.0
      dot-prop: 6.0.1
      env-paths: 2.2.1
      json-schema-typed: 7.0.3
      make-dir: 3.1.0
      onetime: 5.1.2
      pkg-up: 3.1.0
      semver: 7.7.2

  core-util-is@1.0.2: {}

  cos-nodejs-sdk-v5@2.16.0-beta.3:
    dependencies:
      conf: 9.0.2
      cos-request: 1.0.0
      fast-xml-parser: 4.2.5
      mime-types: 2.1.35

  cos-request@1.0.0:
    dependencies:
      aws-sign2: 0.7.0
      aws4: 1.13.2
      caseless: 0.12.0
      combined-stream: 1.0.8
      extend: 3.0.2
      forever-agent: 0.6.1
      form-data: 2.3.3
      http-signature: 1.2.0
      is-typedarray: 1.0.0
      isstream: 0.1.2
      json-stringify-safe: 5.0.1
      mime-types: 2.1.35
      oauth-sign: 0.9.0
      performance-now: 2.1.0
      qs: 6.13.1
      safe-buffer: 5.2.1
      tough-cookie: 4.1.4
      tunnel-agent: 0.6.0
      uuid: 8.3.2

  dashdash@1.14.1:
    dependencies:
      assert-plus: 1.0.0

  debounce-fn@4.0.0:
    dependencies:
      mimic-fn: 3.1.0

  debug@4.4.1:
    dependencies:
      ms: 2.1.3

  delayed-stream@1.0.0: {}

  deprecation@2.3.1: {}

  dot-prop@6.0.1:
    dependencies:
      is-obj: 2.0.0

  dunder-proto@1.0.1:
    dependencies:
      call-bind-apply-helpers: 1.0.2
      es-errors: 1.3.0
      gopd: 1.2.0

  ecc-jsbn@0.1.2:
    dependencies:
      jsbn: 0.1.1
      safer-buffer: 2.1.2

  env-paths@2.2.1: {}

  es-define-property@1.0.1: {}

  es-errors@1.3.0: {}

  es-object-atoms@1.1.1:
    dependencies:
      es-errors: 1.3.0

  es-set-tostringtag@2.1.0:
    dependencies:
      es-errors: 1.3.0
      get-intrinsic: 1.3.0
      has-tostringtag: 1.0.2
      hasown: 2.0.2

  extend@3.0.2: {}

  extsprintf@1.3.0: {}

  fast-deep-equal@3.1.3: {}

  fast-xml-parser@4.2.5:
    dependencies:
      strnum: 1.1.2

  find-up@3.0.0:
    dependencies:
      locate-path: 3.0.0

  forever-agent@0.6.1: {}

  form-data@2.3.3:
    dependencies:
      asynckit: 0.4.0
      combined-stream: 1.0.8
      mime-types: 2.1.35

  form-data@3.0.3:
    dependencies:
      asynckit: 0.4.0
      combined-stream: 1.0.8
      es-set-tostringtag: 2.1.0
      mime-types: 2.1.35

  fs-extra@11.3.0:
    dependencies:
      graceful-fs: 4.2.11
      jsonfile: 6.1.0
      universalify: 2.0.1

  function-bind@1.1.2: {}

  get-intrinsic@1.3.0:
    dependencies:
      call-bind-apply-helpers: 1.0.2
      es-define-property: 1.0.1
      es-errors: 1.3.0
      es-object-atoms: 1.1.1
      function-bind: 1.1.2
      get-proto: 1.0.1
      gopd: 1.2.0
      has-symbols: 1.1.0
      hasown: 2.0.2
      math-intrinsics: 1.1.0

  get-proto@1.0.1:
    dependencies:
      dunder-proto: 1.0.1
      es-object-atoms: 1.1.1

  get-stream@6.0.1: {}

  getpass@0.1.7:
    dependencies:
      assert-plus: 1.0.0

  gopd@1.2.0: {}

  graceful-fs@4.2.11: {}

  has-symbols@1.1.0: {}

  has-tostringtag@1.0.2:
    dependencies:
      has-symbols: 1.1.0

  hasown@2.0.2:
    dependencies:
      function-bind: 1.1.2

  http-signature@1.2.0:
    dependencies:
      assert-plus: 1.0.0
      jsprim: 1.4.2
      sshpk: 1.18.0

  https-proxy-agent@5.0.1:
    dependencies:
      agent-base: 6.0.2
      debug: 4.4.1
    transitivePeerDependencies:
      - supports-color

  is-obj@2.0.0: {}

  is-stream@2.0.1: {}

  is-typedarray@1.0.0: {}

  isstream@0.1.2: {}

  jsbn@0.1.1: {}

  json-bigint@1.0.0:
    dependencies:
      bignumber.js: 9.3.0

  json-schema-traverse@1.0.0: {}

  json-schema-typed@7.0.3: {}

  json-schema@0.4.0: {}

  json-stringify-safe@5.0.1: {}

  jsonfile@6.1.0:
    dependencies:
      universalify: 2.0.1
    optionalDependencies:
      graceful-fs: 4.2.11

  jsprim@1.4.2:
    dependencies:
      assert-plus: 1.0.0
      extsprintf: 1.3.0
      json-schema: 0.4.0
      verror: 1.10.0

  locate-path@3.0.0:
    dependencies:
      p-locate: 3.0.0
      path-exists: 3.0.0

  make-dir@3.1.0:
    dependencies:
      semver: 6.3.1

  math-intrinsics@1.1.0: {}

  mime-db@1.52.0: {}

  mime-types@2.1.35:
    dependencies:
      mime-db: 1.52.0

  mimic-fn@2.1.0: {}

  mimic-fn@3.1.0: {}

  ms@2.1.3: {}

  node-fetch@2.7.0:
    dependencies:
      whatwg-url: 5.0.0

  oauth-sign@0.9.0: {}

  object-inspect@1.13.4: {}

  once@1.4.0:
    dependencies:
      wrappy: 1.0.2

  onetime@5.1.2:
    dependencies:
      mimic-fn: 2.1.0

  p-limit@2.3.0:
    dependencies:
      p-try: 2.2.0

  p-locate@3.0.0:
    dependencies:
      p-limit: 2.3.0

  p-try@2.2.0: {}

  path-exists@3.0.0: {}

  performance-now@2.1.0: {}

  pkg-up@3.1.0:
    dependencies:
      find-up: 3.0.0

  psl@1.15.0:
    dependencies:
      punycode: 2.3.1

  punycode@2.3.1: {}

  qs@6.13.1:
    dependencies:
      side-channel: 1.1.0

  querystringify@2.2.0: {}

  require-from-string@2.0.2: {}

  requires-port@1.0.0: {}

  safe-buffer@5.2.1: {}

  safer-buffer@2.1.2: {}

  semver@6.3.1: {}

  semver@7.7.2: {}

  side-channel-list@1.0.0:
    dependencies:
      es-errors: 1.3.0
      object-inspect: 1.13.4

  side-channel-map@1.0.1:
    dependencies:
      call-bound: 1.0.4
      es-errors: 1.3.0
      get-intrinsic: 1.3.0
      object-inspect: 1.13.4

  side-channel-weakmap@1.0.2:
    dependencies:
      call-bound: 1.0.4
      es-errors: 1.3.0
      get-intrinsic: 1.3.0
      object-inspect: 1.13.4
      side-channel-map: 1.0.1

  side-channel@1.1.0:
    dependencies:
      es-errors: 1.3.0
      object-inspect: 1.13.4
      side-channel-list: 1.0.0
      side-channel-map: 1.0.1
      side-channel-weakmap: 1.0.2

  sshpk@1.18.0:
    dependencies:
      asn1: 0.2.6
      assert-plus: 1.0.0
      bcrypt-pbkdf: 1.0.2
      dashdash: 1.14.1
      ecc-jsbn: 0.1.2
      getpass: 0.1.7
      jsbn: 0.1.1
      safer-buffer: 2.1.2
      tweetnacl: 0.14.5

  strnum@1.1.2: {}

  tencentcloud-sdk-nodejs@4.1.56:
    dependencies:
      form-data: 3.0.3
      get-stream: 6.0.1
      https-proxy-agent: 5.0.1
      is-stream: 2.0.1
      json-bigint: 1.0.0
      node-fetch: 2.7.0
      tslib: 1.13.0
      uuid: 9.0.1
    transitivePeerDependencies:
      - encoding
      - supports-color

  tough-cookie@4.1.4:
    dependencies:
      psl: 1.15.0
      punycode: 2.3.1
      universalify: 0.2.0
      url-parse: 1.5.10

  tr46@0.0.3: {}

  tslib@1.13.0: {}

  tunnel-agent@0.6.0:
    dependencies:
      safe-buffer: 5.2.1

  tunnel@0.0.6: {}

  tweetnacl@0.14.5: {}

  undici@5.29.0:
    dependencies:
      '@fastify/busboy': 2.1.1

  universal-user-agent@6.0.1: {}

  universalify@0.2.0: {}

  universalify@2.0.1: {}

  uri-js@4.4.1:
    dependencies:
      punycode: 2.3.1

  url-parse@1.5.10:
    dependencies:
      querystringify: 2.2.0
      requires-port: 1.0.0

  uuid@8.3.2: {}

  uuid@9.0.1: {}

  verror@1.10.0:
    dependencies:
      assert-plus: 1.0.0
      core-util-is: 1.0.2
      extsprintf: 1.3.0

  webidl-conversions@3.0.1: {}

  whatwg-url@5.0.0:
    dependencies:
      tr46: 0.0.3
      webidl-conversions: 3.0.1

  wrappy@1.0.2: {}
